
Microsoft Visual Studio Solution File, Format Version 12.00
# Visual Studio Version 17
VisualStudioVersion = 17.14.36623.8 d17.14
MinimumVisualStudioVersion = 10.0.40219.1
Project("{FAE04EC0-301F-11D3-BF4B-00C04F79EFBC}") = "Lab7Task1", "Lab7Task1\Lab7Task1.csproj", "{33618EAC-EF1E-4C8B-83D4-68770AD3522E}"
EndProject
Global
	GlobalSection(SolutionConfigurationPlatforms) = preSolution
		Debug|Any CPU = Debug|Any CPU
		Release|Any CPU = Release|Any CPU
	EndGlobalSection
	GlobalSection(ProjectConfigurationPlatforms) = postSolution
		{33618EAC-EF1E-4C8B-83D4-68770AD3522E}.Debug|Any CPU.ActiveCfg = Debug|Any CPU
		{33618EAC-EF1E-4C8B-83D4-68770AD3522E}.Debug|Any CPU.Build.0 = Debug|Any CPU
		{33618EAC-EF1E-4C8B-83D4-68770AD3522E}.Release|Any CPU.ActiveCfg = Release|Any CPU
		{33618EAC-EF1E-4C8B-83D4-68770AD3522E}.Release|Any CPU.Build.0 = Release|Any CPU
	EndGlobalSection
	GlobalSection(SolutionProperties) = preSolution
		HideSolutionNode = FALSE
	EndGlobalSection
	GlobalSection(ExtensibilityGlobals) = postSolution
		SolutionGuid = {66DE40BB-4E91-47A9-953B-F88C5D9E79ED}
	EndGlobalSection
EndGlobal
